
Microsoft Visual Studio Solution File, Format Version 12.00
# Visual Studio Version 17
VisualStudioVersion = 17.2.32602.215
MinimumVisualStudioVersion = 10.0.40219.1
Project("{FAE04EC0-301F-11D3-BF4B-00C04F79EFBC}") = "HemmingCoderLib", "HemmingCoderLib\HemmingCoderLib.csproj", "{BA0DDBE4-AD80-4DF8-9DB6-A0AB61F5C65B}"
EndProject
Project("{FAE04EC0-301F-11D3-BF4B-00C04F79EFBC}") = "HemmingCoderConsole", "HemmingCoderConsole\HemmingCoderConsole.csproj", "{E0116469-CD9B-408B-A1D2-4759E6EA7B82}"
EndProject
Global
	GlobalSection(SolutionConfigurationPlatforms) = preSolution
		Debug|Any CPU = Debug|Any CPU
		Release|Any CPU = Release|Any CPU
	EndGlobalSection
	GlobalSection(ProjectConfigurationPlatforms) = postSolution
		{BA0DDBE4-AD80-4DF8-9DB6-A0AB61F5C65B}.Debug|Any CPU.ActiveCfg = Debug|Any CPU
		{BA0DDBE4-AD80-4DF8-9DB6-A0AB61F5C65B}.Debug|Any CPU.Build.0 = Debug|Any CPU
		{BA0DDBE4-AD80-4DF8-9DB6-A0AB61F5C65B}.Release|Any CPU.ActiveCfg = Release|Any CPU
		{BA0DDBE4-AD80-4DF8-9DB6-A0AB61F5C65B}.Release|Any CPU.Build.0 = Release|Any CPU
		{E0116469-CD9B-408B-A1D2-4759E6EA7B82}.Debug|Any CPU.ActiveCfg = Debug|Any CPU
		{E0116469-CD9B-408B-A1D2-4759E6EA7B82}.Debug|Any CPU.Build.0 = Debug|Any CPU
		{E0116469-CD9B-408B-A1D2-4759E6EA7B82}.Release|Any CPU.ActiveCfg = Release|Any CPU
		{E0116469-CD9B-408B-A1D2-4759E6EA7B82}.Release|Any CPU.Build.0 = Release|Any CPU
	EndGlobalSection
	GlobalSection(SolutionProperties) = preSolution
		HideSolutionNode = FALSE
	EndGlobalSection
	GlobalSection(ExtensibilityGlobals) = postSolution
		SolutionGuid = {D38FC96C-BF1B-411A-BF6A-C1C76859AFD7}
	EndGlobalSection
EndGlobal
